PODS:
  - FSPagerView (0.8.3)
  - SQLite.swift (0.14.1):
    - SQLite.swift/standard (= 0.14.1)
  - SQLite.swift/standard (0.14.1)
  - SwiftyPickerPopover (6.6.6)

DEPENDENCIES:
  - FSPagerView
  - SQLite.swift
  - SwiftyPickerPopover

SPEC REPOS:
  trunk:
    - FSPagerView
    - SQLite.swift
    - SwiftyPickerPopover

SPEC CHECKSUMS:
  FSPagerView: 670405b2f18e2a87fa37f20b00de783e562c25a8
  SQLite.swift: 2992550ebf3c5b268bf4352603e3df87d2a4ed72
  SwiftyPickerPopover: a402960a6687c911ffcb4e9fb282a1bc61186ab4

PODFILE CHECKSUM: 74eedbae817746028c71f5f68630b5b5e6fa2c1f

COCOAPODS: 1.14.3
